
Microsoft Visual Studio Solution File, Format Version 12.00
# Visual Studio Version 17
VisualStudioVersion = 17.9.34728.123
MinimumVisualStudioVersion = 10.0.40219.1
Project("{9A19103F-16F7-4668-BE54-9A1E7A4F7556}") = "App.Api", "WebApp\App.Api.csproj", "{66FE5DC6-2A70-4474-BBF5-F463AD37BAB8}"
EndProject
Project("{2150E333-8FDC-42A3-9474-1A3956D46DE8}") = "tests", "tests", "{164CAAEB-1196-4137-84AA-1A135BDDA91D}"
EndProject
Project("{9A19103F-16F7-4668-BE54-9A1E7A4F7556}") = "App.UnitTests", "App.UnitTests\App.UnitTests.csproj", "{15B1FD0F-B4F4-4F89-BD49-995CB4ED9075}"
EndProject
Project("{9A19103F-16F7-4668-BE54-9A1E7A4F7556}") = "App.FunctionalTests", "App.FunctionalTests\App.FunctionalTests.csproj", "{ACF59F60-5260-48AF-9F95-56D785791D9B}"
EndProject
Project("{2150E333-8FDC-42A3-9474-1A3956D46DE8}") = "src", "src", "{0CF4E995-18AF-4A80-BB9B-B6E973BF2CAC}"
EndProject
Project("{9A19103F-16F7-4668-BE54-9A1E7A4F7556}") = "App.Domain", "App.Domain\App.Domain.csproj", "{C8FA9962-893A-47D4-AD5E-95115CB1BB5F}"
EndProject
Project("{9A19103F-16F7-4668-BE54-9A1E7A4F7556}") = "App.Infrastructure", "App.Infrastructure\App.Infrastructure.csproj", "{6898476C-C883-40F3-B90B-6709C19FDE66}"
EndProject
Global
	GlobalSection(SolutionConfigurationPlatforms) = preSolution
		Debug|Any CPU = Debug|Any CPU
		Release|Any CPU = Release|Any CPU
	EndGlobalSection
	GlobalSection(ProjectConfigurationPlatforms) = postSolution
		{66FE5DC6-2A70-4474-BBF5-F463AD37BAB8}.Debug|Any CPU.ActiveCfg = Debug|Any CPU
		{66FE5DC6-2A70-4474-BBF5-F463AD37BAB8}.Debug|Any CPU.Build.0 = Debug|Any CPU
		{66FE5DC6-2A70-4474-BBF5-F463AD37BAB8}.Release|Any CPU.ActiveCfg = Release|Any CPU
		{66FE5DC6-2A70-4474-BBF5-F463AD37BAB8}.Release|Any CPU.Build.0 = Release|Any CPU
		{15B1FD0F-B4F4-4F89-BD49-995CB4ED9075}.Debug|Any CPU.ActiveCfg = Debug|Any CPU
		{15B1FD0F-B4F4-4F89-BD49-995CB4ED9075}.Debug|Any CPU.Build.0 = Debug|Any CPU
		{15B1FD0F-B4F4-4F89-BD49-995CB4ED9075}.Release|Any CPU.ActiveCfg = Release|Any CPU
		{15B1FD0F-B4F4-4F89-BD49-995CB4ED9075}.Release|Any CPU.Build.0 = Release|Any CPU
		{ACF59F60-5260-48AF-9F95-56D785791D9B}.Debug|Any CPU.ActiveCfg = Debug|Any CPU
		{ACF59F60-5260-48AF-9F95-56D785791D9B}.Debug|Any CPU.Build.0 = Debug|Any CPU
		{ACF59F60-5260-48AF-9F95-56D785791D9B}.Release|Any CPU.ActiveCfg = Release|Any CPU
		{ACF59F60-5260-48AF-9F95-56D785791D9B}.Release|Any CPU.Build.0 = Release|Any CPU
		{C8FA9962-893A-47D4-AD5E-95115CB1BB5F}.Debug|Any CPU.ActiveCfg = Debug|Any CPU
		{C8FA9962-893A-47D4-AD5E-95115CB1BB5F}.Debug|Any CPU.Build.0 = Debug|Any CPU
		{C8FA9962-893A-47D4-AD5E-95115CB1BB5F}.Release|Any CPU.ActiveCfg = Release|Any CPU
		{C8FA9962-893A-47D4-AD5E-95115CB1BB5F}.Release|Any CPU.Build.0 = Release|Any CPU
		{6898476C-C883-40F3-B90B-6709C19FDE66}.Debug|Any CPU.ActiveCfg = Debug|Any CPU
		{6898476C-C883-40F3-B90B-6709C19FDE66}.Debug|Any CPU.Build.0 = Debug|Any CPU
		{6898476C-C883-40F3-B90B-6709C19FDE66}.Release|Any CPU.ActiveCfg = Release|Any CPU
		{6898476C-C883-40F3-B90B-6709C19FDE66}.Release|Any CPU.Build.0 = Release|Any CPU
	EndGlobalSection
	GlobalSection(SolutionProperties) = preSolution
		HideSolutionNode = FALSE
	EndGlobalSection
	GlobalSection(NestedProjects) = preSolution
		{66FE5DC6-2A70-4474-BBF5-F463AD37BAB8} = {0CF4E995-18AF-4A80-BB9B-B6E973BF2CAC}
		{15B1FD0F-B4F4-4F89-BD49-995CB4ED9075} = {164CAAEB-1196-4137-84AA-1A135BDDA91D}
		{ACF59F60-5260-48AF-9F95-56D785791D9B} = {164CAAEB-1196-4137-84AA-1A135BDDA91D}
		{C8FA9962-893A-47D4-AD5E-95115CB1BB5F} = {0CF4E995-18AF-4A80-BB9B-B6E973BF2CAC}
		{6898476C-C883-40F3-B90B-6709C19FDE66} = {0CF4E995-18AF-4A80-BB9B-B6E973BF2CAC}
	EndGlobalSection
	GlobalSection(ExtensibilityGlobals) = postSolution
		SolutionGuid = {2E1B1293-2CF7-44D9-8ED1-D28AA2834254}
	EndGlobalSection
EndGlobal
